// !$*UTF8*$!
{
	archiveVersion = 1;
	classes = {
	};
	objectVersion = 46;
	objects = {

/* Begin PBXBuildFile section */
		CA4ED3CB1A5767DE00128462 /* main.m in Sources */ = {isa = PBXBuildFile; fileRef = CA4ED3CA1A5767DE00128462 /* main.m */; };
		CA4ED3CE1A5767DE00128462 /* AppDelegate.m in Sources */ = {isa = PBXBuildFile; fileRef = CA4ED3CD1A5767DE00128462 /* AppDelegate.m */; };
		CA4ED3D11A5767DE00128462 /* ViewController.m in Sources */ = {isa = PBXBuildFile; fileRef = CA4ED3D01A5767DE00128462 /* ViewController.m */; };
		CA4ED3D41A5767DE00128462 /* Main.storyboard in Resources */ = {isa = PBXBuildFile; fileRef = CA4ED3D21A5767DE00128462 /* Main.storyboard */; };
		CA4ED3D61A5767DE00128462 /* Images.xcassets in Resources */ = {isa = PBXBuildFile; fileRef = CA4ED3D51A5767DE00128462 /* Images.xcassets */; };
		CA4ED3D91A5767DE00128462 /* LaunchScreen.xib in Resources */ = {isa = PBXBuildFile; fileRef = CA4ED3D71A5767DE00128462 /* LaunchScreen.xib */; };
		CA4ED3E51A5767DE00128462 /* tipcalculatorTests.m in Sources */ = {isa = PBXBuildFile; fileRef = CA4ED3E41A5767DE00128462 /* tipcalculatorTests.m */; };
		CA4ED3F11A576F5700128462 /* TipViewController.m in Sources */ = {isa = PBXBuildFile; fileRef = CA4ED3EF1A576F5700128462 /* TipViewController.m */; };
		CA4ED3F21A576F5700128462 /* TipViewController.xib in Resources */ = {isa = PBXBuildFile; fileRef = CA4ED3F01A576F5700128462 /* TipViewController.xib */; };
		CA4ED3F61A601A2F00128462 /* SettingsViewController.m in Sources */ = {isa = PBXBuildFile; fileRef = CA4ED3F41A601A2F00128462 /* SettingsViewController.m */; };
		CA4ED3F71A601A2F00128462 /* SettingsViewController.xib in Resources */ = {isa = PBXBuildFile; fileRef = CA4ED3F51A601A2F00128462 /* SettingsViewController.xib */; };
/* End PBXBuildFile section */

/* Begin PBXContainerItemProxy section */
		CA4ED3DF1A5767DE00128462 /* PBXContainerItemProxy */ = {
			isa = PBXContainerItemProxy;
			containerPortal = CA4ED3BD1A5767DE00128462 /* Project object */;
			proxyType = 1;
			remoteGlobalIDString = CA4ED3C41A5767DE00128462;
			remoteInfo = tipcalculator;
		};
/* End PBXContainerItemProxy section */

/* Begin PBXFileReference section */
		CA4ED3C51A5767DE00128462 /* tipcalculator.app */ = {isa = PBXFileReference; explicitFileType = wrapper.application; includeInIndex = 0; path = tipcalculator.app; sourceTree = BUILT_PRODUCTS_DIR; };
		CA4ED3C91A5767DE00128462 /* Info.plist */ = {isa = PBXFileReference; lastKnownFileType = text.plist.xml; path = Info.plist; sourceTree = "<group>"; };
		CA4ED3CA1A5767DE00128462 /* main.m */ = {isa = PBXFileReference; lastKnownFileType = sourcecode.c.objc; path = main.m; sourceTree = "<group>"; };
		CA4ED3CC1A5767DE00128462 /* AppDelegate.h */ = {isa = PBXFileReference; lastKnownFileType = sourcecode.c.h; path = AppDelegate.h; sourceTree = "<group>"; };
		CA4ED3CD1A5767DE00128462 /* AppDelegate.m */ = {isa = PBXFileReference; lastKnownFileType = sourcecode.c.objc; path = AppDelegate.m; sourceTree = "<group>"; };
		CA4ED3CF1A5767DE00128462 /* ViewController.h */ = {isa = PBXFileReference; lastKnownFileType = sourcecode.c.h; path = ViewController.h; sourceTree = "<group>"; };
		CA4ED3D01A5767DE00128462 /* ViewController.m */ = {isa = PBXFileReference; lastKnownFileType = sourcecode.c.objc; path = ViewController.m; sourceTree = "<group>"; };
		CA4ED3D31A5767DE00128462 /* Base */ = {isa = PBXFileReference; lastKnownFileType = file.storyboard; name = Base; path = Base.lproj/Main.storyboard; sourceTree = "<group>"; };
		CA4ED3D51A5767DE00128462 /* Images.xcassets */ = {isa = PBXFileReference; lastKnownFileType = folder.assetcatalog; path = Images.xcassets; sourceTree = "<group>"; };
		CA4ED3D81A5767DE00128462 /* Base */ = {isa = PBXFileReference; lastKnownFileType = file.xib; name = Base; path = Base.lproj/LaunchScreen.xib; sourceTree = "<group>"; };
		CA4ED3DE1A5767DE00128462 /* tipcalculatorTests.xctest */ = {isa = PBXFileReference; explicitFileType = wrapper.cfbundle; includeInIndex = 0; path = tipcalculatorTests.xctest; sourceTree = BUILT_PRODUCTS_DIR; };
		CA4ED3E31A5767DE00128462 /* Info.plist */ = {isa = PBXFileReference; lastKnownFileType = text.plist.xml; path = Info.plist; sourceTree = "<group>"; };
		CA4ED3E41A5767DE00128462 /* tipcalculatorTests.m */ = {isa = PBXFileReference; lastKnownFileType = sourcecode.c.objc; path = tipcalculatorTests.m; sourceTree = "<group>"; };
		CA4ED3EE1A576F5700128462 /* TipViewController.h */ = {isa = PBXFileReference; fileEncoding = 4; lastKnownFileType = sourcecode.c.h; path = TipViewController.h; sourceTree = "<group>"; };
		CA4ED3EF1A576F5700128462 /* TipViewController.m */ = {isa = PBXFileReference; fileEncoding = 4; lastKnownFileType = sourcecode.c.objc; path = TipViewController.m; sourceTree = "<group>"; };
		CA4ED3F01A576F5700128462 /* TipViewController.xib */ = {isa = PBXFileReference; fileEncoding = 4; lastKnownFileType = file.xib; path = TipViewController.xib; sourceTree = "<group>"; };
		CA4ED3F31A601A2F00128462 /* SettingsViewController.h */ = {isa = PBXFileReference; fileEncoding = 4; lastKnownFileType = sourcecode.c.h; path = SettingsViewController.h; sourceTree = "<group>"; };
		CA4ED3F41A601A2F00128462 /* SettingsViewController.m */ = {isa = PBXFileReference; fileEncoding = 4; lastKnownFileType = sourcecode.c.objc; path = SettingsViewController.m; sourceTree = "<group>"; };
		CA4ED3F51A601A2F00128462 /* SettingsViewController.xib */ = {isa = PBXFileReference; fileEncoding = 4; lastKnownFileType = file.xib; path = SettingsViewController.xib; sourceTree = "<group>"; };
/* End PBXFileReference section */

/* Begin PBXFrameworksBuildPhase section */
		CA4ED3C21A5767DE00128462 /* Frameworks */ = {
			isa = PBXFrameworksBuildPhase;
			buildActionMask = 2147483647;
			files = (
			);
			runOnlyForDeploymentPostprocessing = 0;
		};
		CA4ED3DB1A5767DE00128462 /* Frameworks */ = {
			isa = PBXFrameworksBuildPhase;
			buildActionMask = 2147483647;
			files = (
			);
			runOnlyForDeploymentPostprocessing = 0;
		};
/* End PBXFrameworksBuildPhase section */

/* Begin PBXGroup section */
		CA4ED3BC1A5767DE00128462 = {
			isa = PBXGroup;
			children = (
				CA4ED3C71A5767DE00128462 /* tipcalculator */,
				CA4ED3E11A5767DE00128462 /* tipcalculatorTests */,
				CA4ED3C61A5767DE00128462 /* Products */,
			);
			sourceTree = "<group>";
		};
		CA4ED3C61A5767DE00128462 /* Products */ = {
			isa = PBXGroup;
			children = (
				CA4ED3C51A5767DE00128462 /* tipcalculator.app */,
				CA4ED3DE1A5767DE00128462 /* tipcalculatorTests.xctest */,
			);
			name = Products;
			sourceTree = "<group>";
		};
		CA4ED3C71A5767DE00128462 /* tipcalculator */ = {
			isa = PBXGroup;
			children = (
				CA4ED3CC1A5767DE00128462 /* AppDelegate.h */,
				CA4ED3CD1A5767DE00128462 /* AppDelegate.m */,
				CA4ED3CF1A5767DE00128462 /* ViewController.h */,
				CA4ED3D01A5767DE00128462 /* ViewController.m */,
				CA4ED3D21A5767DE00128462 /* Main.storyboard */,
				CA4ED3D51A5767DE00128462 /* Images.xcassets */,
				CA4ED3D71A5767DE00128462 /* LaunchScreen.xib */,
				CA4ED3C81A5767DE00128462 /* Supporting Files */,
				CA4ED3EE1A576F5700128462 /* TipViewController.h */,
				CA4ED3EF1A576F5700128462 /* TipViewController.m */,
				CA4ED3F01A576F5700128462 /* TipViewController.xib */,
				CA4ED3F31A601A2F00128462 /* SettingsViewController.h */,
				CA4ED3F41A601A2F00128462 /* SettingsViewController.m */,
				CA4ED3F51A601A2F00128462 /* SettingsViewController.xib */,
			);
			path = tipcalculator;
			sourceTree = "<group>";
		};
		CA4ED3C81A5767DE00128462 /* Supporting Files */ = {
			isa = PBXGroup;
			children = (
				CA4ED3C91A5767DE00128462 /* Info.plist */,
				CA4ED3CA1A5767DE00128462 /* main.m */,
			);
			name = "Supporting Files";
			sourceTree = "<group>";
		};
		CA4ED3E11A5767DE00128462 /* tipcalculatorTests */ = {
			isa = PBXGroup;
			children = (
				CA4ED3E41A5767DE00128462 /* tipcalculatorTests.m */,
				CA4ED3E21A5767DE00128462 /* Supporting Files */,
			);
			path = tipcalculatorTests;
			sourceTree = "<group>";
		};
		CA4ED3E21A5767DE00128462 /* Supporting Files */ = {
			isa = PBXGroup;
			children = (
				CA4ED3E31A5767DE00128462 /* Info.plist */,
			);
			name = "Supporting Files";
			sourceTree = "<group>";
		};
/* End PBXGroup section */

/* Begin PBXNativeTarget section */
		CA4ED3C41A5767DE00128462 /* tipcalculator */ = {
			isa = PBXNativeTarget;
			buildConfigurationList = CA4ED3E81A5767DE00128462 /* Build configuration list for PBXNativeTarget "tipcalculator" */;
			buildPhases = (
				CA4ED3C11A5767DE00128462 /* Sources */,
				CA4ED3C21A5767DE00128462 /* Frameworks */,
				CA4ED3C31A5767DE00128462 /* Resources */,
			);
			buildRules = (
			);
			dependencies = (
			);
			name = tipcalculator;
			productName = tipcalculator;
			productReference = CA4ED3C51A5767DE00128462 /* tipcalculator.app */;
			productType = "com.apple.product-type.application";
		};
		CA4ED3DD1A5767DE00128462 /* tipcalculatorTests */ = {
			isa = PBXNativeTarget;
			buildConfigurationList = CA4ED3EB1A5767DE00128462 /* Build configuration list for PBXNativeTarget "tipcalculatorTests" */;
			buildPhases = (
				CA4ED3DA1A5767DE00128462 /* Sources */,
				CA4ED3DB1A5767DE00128462 /* Frameworks */,
				CA4ED3DC1A5767DE00128462 /* Resources */,
			);
			buildRules = (
			);
			dependencies = (
				CA4ED3E01A5767DE00128462 /* PBXTargetDependency */,
			);
			name = tipcalculatorTests;
			productName = tipcalculatorTests;
			productReference = CA4ED3DE1A5767DE00128462 /* tipcalculatorTests.xctest */;
			productType = "com.apple.product-type.bundle.unit-test";
		};
/* End PBXNativeTarget section */

/* Begin PBXProject section */
		CA4ED3BD1A5767DE00128462 /* Project object */ = {
			isa = PBXProject;
			attributes = {
				LastUpgradeCheck = 0610;
				ORGANIZATIONNAME = "Gaurav Gargate";
				TargetAttributes = {
					CA4ED3C41A5767DE00128462 = {
						CreatedOnToolsVersion = 6.1.1;
					};
					CA4ED3DD1A5767DE00128462 = {
						CreatedOnToolsVersion = 6.1.1;
						TestTargetID = CA4ED3C41A5767DE00128462;
					};
				};
			};
			buildConfigurationList = CA4ED3C01A5767DE00128462 /* Build configuration list for PBXProject "tipcalculator" */;
			compatibilityVersion = "Xcode 3.2";
			developmentRegion = English;
			hasScannedForEncodings = 0;
			knownRegions = (
				en,
				Base,
			);
			mainGroup = CA4ED3BC1A5767DE00128462;
			productRefGroup = CA4ED3C61A5767DE00128462 /* Products */;
			projectDirPath = "";
			projectRoot = "";
			targets = (
				CA4ED3C41A5767DE00128462 /* tipcalculator */,
				CA4ED3DD1A5767DE00128462 /* tipcalculatorTests */,
			);
		};
/* End PBXProject section */

/* Begin PBXResourcesBuildPhase section */
		CA4ED3C31A5767DE00128462 /* Resources */ = {
			isa = PBXResourcesBuildPhase;
			buildActionMask = 2147483647;
			files = (
				CA4ED3D41A5767DE00128462 /* Main.storyboard in Resources */,
				CA4ED3D91A5767DE00128462 /* LaunchScreen.xib in Resources */,
				CA4ED3F21A576F5700128462 /* TipViewController.xib in Resources */,
				CA4ED3D61A5767DE00128462 /* Images.xcassets in Resources */,
				CA4ED3F71A601A2F00128462 /* SettingsViewController.xib in Resources */,
			);
			runOnlyForDeploymentPostprocessing = 0;
		};
		CA4ED3DC1A5767DE00128462 /* Resources */ = {
			isa = PBXResourcesBuildPhase;
			buildActionMask = 2147483647;
			files = (
			);
			runOnlyForDeploymentPostprocessing = 0;
		};
/* End PBXResourcesBuildPhase section */

/* Begin PBXSourcesBuildPhase section */
		CA4ED3C11A5767DE00128462 /* Sources */ = {
			isa = PBXSourcesBuildPhase;
			buildActionMask = 2147483647;
			files = (
				CA4ED3D11A5767DE00128462 /* ViewController.m in Sources */,
				CA4ED3CE1A5767DE00128462 /* AppDelegate.m in Sources */,
				CA4ED3F61A601A2F00128462 /* SettingsViewController.m in Sources */,
				CA4ED3F11A576F5700128462 /* TipViewController.m in Sources */,
				CA4ED3CB1A5767DE00128462 /* main.m in Sources */,
			);
			runOnlyForDeploymentPostprocessing = 0;
		};
		CA4ED3DA1A5767DE00128462 /* Sources */ = {
			isa = PBXSourcesBuildPhase;
			buildActionMask = 2147483647;
			files = (
				CA4ED3E51A5767DE00128462 /* tipcalculatorTests.m in Sources */,
			);
			runOnlyForDeploymentPostprocessing = 0;
		};
/* End PBXSourcesBuildPhase section */

/* Begin PBXTargetDependency section */
		CA4ED3E01A5767DE00128462 /* PBXTargetDependency */ = {
			isa = PBXTargetDependency;
			target = CA4ED3C41A5767DE00128462 /* tipcalculator */;
			targetProxy = CA4ED3DF1A5767DE00128462 /* PBXContainerItemProxy */;
		};
/* End PBXTargetDependency section */

/* Begin PBXVariantGroup section */
		CA4ED3D21A5767DE00128462 /* Main.storyboard */ = {
			isa = PBXVariantGroup;
			children = (
				CA4ED3D31A5767DE00128462 /* Base */,
			);
			name = Main.storyboard;
			sourceTree = "<group>";
		};
		CA4ED3D71A5767DE00128462 /* LaunchScreen.xib */ = {
			isa = PBXVariantGroup;
			children = (
				CA4ED3D81A5767DE00128462 /* Base */,
			);
			name = LaunchScreen.xib;
			sourceTree = "<group>";
		};
/* End PBXVariantGroup section */

/* Begin XCBuildConfiguration section */
		CA4ED3E61A5767DE00128462 /* Debug */ = {
			isa = XCBuildConfiguration;
			buildSettings = {
				ALWAYS_SEARCH_USER_PATHS = NO;
				CLANG_CXX_LANGUAGE_STANDARD = "gnu++0x";
				CLANG_CXX_LIBRARY = "libc++";
				CLANG_ENABLE_MODULES = YES;
				CLANG_ENABLE_OBJC_ARC = YES;
				CLANG_WARN_BOOL_CONVERSION = YES;
				CLANG_WARN_CONSTANT_CONVERSION = YES;
				CLANG_WARN_DIRECT_OBJC_ISA_USAGE = YES_ERROR;
				CLANG_WARN_EMPTY_BODY = YES;
				CLANG_WARN_ENUM_CONVERSION = YES;
				CLANG_WARN_INT_CONVERSION = YES;
				CLANG_WARN_OBJC_ROOT_CLASS = YES_ERROR;
				CLANG_WARN_UNREACHABLE_CODE = YES;
				CLANG_WARN__DUPLICATE_METHOD_MATCH = YES;
				"CODE_SIGN_IDENTITY[sdk=iphoneos*]" = "iPhone Developer";
				COPY_PHASE_STRIP = NO;
				ENABLE_STRICT_OBJC_MSGSEND = YES;
				GCC_C_LANGUAGE_STANDARD = gnu99;
				GCC_DYNAMIC_NO_PIC = NO;
				GCC_OPTIMIZATION_LEVEL = 0;
				GCC_PREPROCESSOR_DEFINITIONS = (
					"DEBUG=1",
					"$(inherited)",
				);
				GCC_SYMBOLS_PRIVATE_EXTERN = NO;
				GCC_WARN_64_TO_32_BIT_CONVERSION = YES;
				GCC_WARN_ABOUT_RETURN_TYPE = YES_ERROR;
				GCC_WARN_UNDECLARED_SELECTOR = YES;
				GCC_WARN_UNINITIALIZED_AUTOS = YES_AGGRESSIVE;
				GCC_WARN_UNUSED_FUNCTION = YES;
				GCC_WARN_UNUSED_VARIABLE = YES;
				IPHONEOS_DEPLOYMENT_TARGET = 8.1;
				MTL_ENABLE_DEBUG_INFO = YES;
				ONLY_ACTIVE_ARCH = YES;
				SDKROOT = iphoneos;
				TARGETED_DEVICE_FAMILY = "1,2";
			};
			name = Debug;
		};
		CA4ED3E71A5767DE00128462 /* Release */ = {
			isa = XCBuildConfiguration;
			buildSettings = {
				ALWAYS_SEARCH_USER_PATHS = NO;
				CLANG_CXX_LANGUAGE_STANDARD = "gnu++0x";
				CLANG_CXX_LIBRARY = "libc++";
				CLANG_ENABLE_MODULES = YES;
				CLANG_ENABLE_OBJC_ARC = YES;
				CLANG_WARN_BOOL_CONVERSION = YES;
				CLANG_WARN_CONSTANT_CONVERSION = YES;
				CLANG_WARN_DIRECT_OBJC_ISA_USAGE = YES_ERROR;
				CLANG_WARN_EMPTY_BODY = YES;
				CLANG_WARN_ENUM_CONVERSION = YES;
				CLANG_WARN_INT_CONVERSION = YES;
				CLANG_WARN_OBJC_ROOT_CLASS = YES_ERROR;
				CLANG_WARN_UNREACHABLE_CODE = YES;
				CLANG_WARN__DUPLICATE_METHOD_MATCH = YES;
				"CODE_SIGN_IDENTITY[sdk=iphoneos*]" = "iPhone Developer";
				COPY_PHASE_STRIP = YES;
				ENABLE_NS_ASSERTIONS = NO;
				ENABLE_STRICT_OBJC_MSGSEND = YES;
				GCC_C_LANGUAGE_STANDARD = gnu99;
				GCC_WARN_64_TO_32_BIT_CONVERSION = YES;
				GCC_WARN_ABOUT_RETURN_TYPE = YES_ERROR;
				GCC_WARN_UNDECLARED_SELECTOR = YES;
				GCC_WARN_UNINITIALIZED_AUTOS = YES_AGGRESSIVE;
				GCC_WARN_UNUSED_FUNCTION = YES;
				GCC_WARN_UNUSED_VARIABLE = YES;
				IPHONEOS_DEPLOYMENT_TARGET = 8.1;
				MTL_ENABLE_DEBUG_INFO = NO;
				SDKROOT = iphoneos;
				TARGETED_DEVICE_FAMILY = "1,2";
				VALIDATE_PRODUCT = YES;
			};
			name = Release;
		};
		CA4ED3E91A5767DE00128462 /* Debug */ = {
			isa = XCBuildConfiguration;
			buildSettings = {
				ASSETCATALOG_COMPILER_APPICON_NAME = AppIcon;
				INFOPLIST_FILE = tipcalculator/Info.plist;
				IPHONEOS_DEPLOYMENT_TARGET = 8.1;
				LD_RUNPATH_SEARCH_PATHS = "$(inherited) @executable_path/Frameworks";
				PRODUCT_NAME = "$(TARGET_NAME)";
			};
			name = Debug;
		};
		CA4ED3EA1A5767DE00128462 /* Release */ = {
			isa = XCBuildConfiguration;
			buildSettings = {
				ASSETCATALOG_COMPILER_APPICON_NAME = AppIcon;
				INFOPLIST_FILE = tipcalculator/Info.plist;
				IPHONEOS_DEPLOYMENT_TARGET = 8.1;
				LD_RUNPATH_SEARCH_PATHS = "$(inherited) @executable_path/Frameworks";
				PRODUCT_NAME = "$(TARGET_NAME)";
			};
			name = Release;
		};
		CA4ED3EC1A5767DE00128462 /* Debug */ = {
			isa = XCBuildConfiguration;
			buildSettings = {
				BUNDLE_LOADER = "$(TEST_HOST)";
				FRAMEWORK_SEARCH_PATHS = (
					"$(SDKROOT)/Developer/Library/Frameworks",
					"$(inherited)",
				);
				GCC_PREPROCESSOR_DEFINITIONS = (
					"DEBUG=1",
					"$(inherited)",
				);
				INFOPLIST_FILE = tipcalculatorTests/Info.plist;
				LD_RUNPATH_SEARCH_PATHS = "$(inherited) @executable_path/Frameworks @loader_path/Frameworks";
				PRODUCT_NAME = "$(TARGET_NAME)";
				TEST_HOST = "$(BUILT_PRODUCTS_DIR)/tipcalculator.app/tipcalculator";
			};
			name = Debug;
		};
		CA4ED3ED1A5767DE00128462 /* Release */ = {
			isa = XCBuildConfiguration;
			buildSettings = {
				BUNDLE_LOADER = "$(TEST_HOST)";
				FRAMEWORK_SEARCH_PATHS = (
					"$(SDKROOT)/Developer/Library/Frameworks",
					"$(inherited)",
				);
				INFOPLIST_FILE = tipcalculatorTests/Info.plist;
				LD_RUNPATH_SEARCH_PATHS = "$(inherited) @executable_path/Frameworks @loader_path/Frameworks";
				PRODUCT_NAME = "$(TARGET_NAME)";
				TEST_HOST = "$(BUILT_PRODUCTS_DIR)/tipcalculator.app/tipcalculator";
			};
			name = Release;
		};
/* End XCBuildConfiguration section */

/* Begin XCConfigurationList section */
		CA4ED3C01A5767DE00128462 /* Build configuration list for PBXProject "tipcalculator" */ = {
			isa = XCConfigurationList;
			buildConfigurations = (
				CA4ED3E61A5767DE00128462 /* Debug */,
				CA4ED3E71A5767DE00128462 /* Release */,
			);
			defaultConfigurationIsVisible = 0;
			defaultConfigurationName = Release;
		};
		CA4ED3E81A5767DE00128462 /* Build configuration list for PBXNativeTarget "tipcalculator" */ = {
			isa = XCConfigurationList;
			buildConfigurations = (
				CA4ED3E91A5767DE00128462 /* Debug */,
				CA4ED3EA1A5767DE00128462 /* Release */,
			);
			defaultConfigurationIsVisible = 0;
			defaultConfigurationName = Release;
		};
		CA4ED3EB1A5767DE00128462 /* Build configuration list for PBXNativeTarget "tipcalculatorTests" */ = {
			isa = XCConfigurationList;
			buildConfigurations = (
				CA4ED3EC1A5767DE00128462 /* Debug */,
				CA4ED3ED1A5767DE00128462 /* Release */,
			);
			defaultConfigurationIsVisible = 0;
			defaultConfigurationName = Release;
		};
/* End XCConfigurationList section */
	};
	rootObject = CA4ED3BD1A5767DE00128462 /* Project object */;
}
